{
    "_readme": [
        "This file locks the dependencies of your project to a known state",
        "Read more about it at https://getcomposer.org/doc/01-basic-usage.md#composer-lock-the-lock-file",
        "This file is @generated automatically"
    ],
    "content-hash": "5f4399205ede1987674c9e17da529f6e",
    "packages": [
        {
            "name": "christophwurst/nextcloud",
            "version": "12.0.0",
            "source": {
                "type": "git",
                "url": "https://github.com/ChristophWurst/nextcloud_composer.git",
                "reference": "2b85ca1531926e8475e3c40f47be28b51580fcb6"
            },
            "dist": {
                "type": "zip",
                "url": "https://api.github.com/repos/ChristophWurst/nextcloud_composer/zipball/2b85ca1531926e8475e3c40f47be28b51580fcb6",
                "reference": "2b85ca1531926e8475e3c40f47be28b51580fcb6",
                "shasum": ""
            },
            "type": "library",
            "notification-url": "https://packagist.org/downloads/",
            "license": [
                "AGPLv3"
            ],
            "authors": [
                {
                    "name": "Christoph Wurst",
                    "email": "christoph@winzerhof-wurst.at"
                }
            ],
            "description": "Composer package containing Nextcloud's public API (classes, interfaces)",
            "time": "2017-09-20T09:46:46+00:00"
        },
        {
            "name": "christophwurst/nextcloudserviceprovider",
            "version": "v0.1.2",
            "source": {
                "type": "git",
                "url": "https://github.com/ChristophWurst/nextcloud_serviceproviders.git",
                "reference": "7aa3157f35fd45e542c806d5bd57eeb5a58957d6"
            },
            "dist": {
                "type": "zip",
                "url": "https://api.github.com/repos/ChristophWurst/nextcloud_serviceproviders/zipball/7aa3157f35fd45e542c806d5bd57eeb5a58957d6",
                "reference": "7aa3157f35fd45e542c806d5bd57eeb5a58957d6",
                "shasum": ""
            },
            "require": {
                "christophwurst/nextcloud": "^12.0"
            },
            "type": "library",
            "autoload": {
                "psr-4": {
                    "ChristophWurst\\Nextcloud\\ServiceProviders\\": "src/"
                }
            },
            "notification-url": "https://packagist.org/downloads/",
            "license": [
                "AGPL-3.0"
            ],
            "authors": [
                {
                    "name": "Christoph Wurst",
                    "email": "christoph@winzerhof-wurst.at"
                }
            ],
            "description": "Service provider infrastructure for Nextcloud apps",
            "time": "2017-11-09T18:07:13+00:00"
        }
    ],
    "packages-dev": [],
    "aliases": [],
    "minimum-stability": "stable",
    "stability-flags": [],
    "prefer-stable": false,
    "prefer-lowest": false,
    "platform": [],
    "platform-dev": []
}
